// !$*UTF8*$!
{
	archiveVersion = 1;
	classes = {
	};
	objectVersion = 56;
	objects = {

/* Begin PBXBuildFile section */
		991FD14D2A14068600FB5726 /* AppDelegate.swift in Sources */ = {isa = PBXBuildFile; fileRef = 991FD14C2A14068600FB5726 /* AppDelegate.swift */; };
		991FD14F2A14068600FB5726 /* SceneDelegate.swift in Sources */ = {isa = PBXBuildFile; fileRef = 991FD14E2A14068600FB5726 /* SceneDelegate.swift */; };
		991FD1512A14068600FB5726 /* HomeViewController.swift in Sources */ = {isa = PBXBuildFile; fileRef = 991FD1502A14068600FB5726 /* HomeViewController.swift */; };
		991FD1572A14068600FB5726 /* IOSChallenge.xcdatamodeld in Sources */ = {isa = PBXBuildFile; fileRef = 991FD1552A14068600FB5726 /* IOSChallenge.xcdatamodeld */; };
		991FD1592A14068700FB5726 /* Assets.xcassets in Resources */ = {isa = PBXBuildFile; fileRef = 991FD1582A14068700FB5726 /* Assets.xcassets */; };
		991FD15C2A14068700FB5726 /* LaunchScreen.storyboard in Resources */ = {isa = PBXBuildFile; fileRef = 991FD15A2A14068700FB5726 /* LaunchScreen.storyboard */; };
		991FD1672A14068700FB5726 /* HomeViewControllerTests.swift in Sources */ = {isa = PBXBuildFile; fileRef = 991FD1662A14068700FB5726 /* HomeViewControllerTests.swift */; };
		991FD1712A14068700FB5726 /* IOSChallengeUITests.swift in Sources */ = {isa = PBXBuildFile; fileRef = 991FD1702A14068700FB5726 /* IOSChallengeUITests.swift */; };
		991FD1732A14068700FB5726 /* IOSChallengeUITestsLaunchTests.swift in Sources */ = {isa = PBXBuildFile; fileRef = 991FD1722A14068700FB5726 /* IOSChallengeUITestsLaunchTests.swift */; };
		991FD1802A140D0E00FB5726 /* README.md in Resources */ = {isa = PBXBuildFile; fileRef = 991FD17F2A140D0D00FB5726 /* README.md */; };
		991FD18E2A144AAC00FB5726 /* MealTableViewModel.swift in Sources */ = {isa = PBXBuildFile; fileRef = 991FD18D2A144AAC00FB5726 /* MealTableViewModel.swift */; };
		991FD1912A144FB200FB5726 /* Meal.swift in Sources */ = {isa = PBXBuildFile; fileRef = 991FD1902A144FB200FB5726 /* Meal.swift */; };
		991FD1932A144FD100FB5726 /* MealDetail.swift in Sources */ = {isa = PBXBuildFile; fileRef = 991FD1922A144FD100FB5726 /* MealDetail.swift */; };
		991FD1962A14508800FB5726 /* MealWithDetail.swift in Sources */ = {isa = PBXBuildFile; fileRef = 991FD1952A14508800FB5726 /* MealWithDetail.swift */; };
		991FD1982A1458C400FB5726 /* CustomError.swift in Sources */ = {isa = PBXBuildFile; fileRef = 991FD1972A1458C400FB5726 /* CustomError.swift */; };
		991FD19A2A14596100FB5726 /* HttpClient.swift in Sources */ = {isa = PBXBuildFile; fileRef = 991FD1992A14596100FB5726 /* HttpClient.swift */; };
		991FD19C2A145A5C00FB5726 /* HttpMethod.swift in Sources */ = {isa = PBXBuildFile; fileRef = 991FD19B2A145A5C00FB5726 /* HttpMethod.swift */; };
		991FD19E2A145A6E00FB5726 /* APIEndpoint.swift in Sources */ = {isa = PBXBuildFile; fileRef = 991FD19D2A145A6E00FB5726 /* APIEndpoint.swift */; };
		991FD1A02A145A7A00FB5726 /* CellIdentifiers.swift in Sources */ = {isa = PBXBuildFile; fileRef = 991FD19F2A145A7A00FB5726 /* CellIdentifiers.swift */; };
		991FD1A22A145D7200FB5726 /* MealService.swift in Sources */ = {isa = PBXBuildFile; fileRef = 991FD1A12A145D7200FB5726 /* MealService.swift */; };
		991FD1A42A1466E700FB5726 /* HttpClientTests.swift in Sources */ = {isa = PBXBuildFile; fileRef = 991FD1A32A1466E700FB5726 /* HttpClientTests.swift */; };
		991FD1A62A14B00A00FB5726 /* MealResponse.swift in Sources */ = {isa = PBXBuildFile; fileRef = 991FD1A52A14B00A00FB5726 /* MealResponse.swift */; };
		991FD1A82A153FFC00FB5726 /* MealTableViewCell.swift in Sources */ = {isa = PBXBuildFile; fileRef = 991FD1A72A153FFC00FB5726 /* MealTableViewCell.swift */; };
		991FD1AA2A15401B00FB5726 /* BaseTableViewCell.swift in Sources */ = {isa = PBXBuildFile; fileRef = 991FD1A92A15401B00FB5726 /* BaseTableViewCell.swift */; };
/* End PBXBuildFile section */

/* Begin PBXContainerItemProxy section */
		991FD1632A14068700FB5726 /* PBXContainerItemProxy */ = {
			isa = PBXContainerItemProxy;
			containerPortal = 991FD1412A14068600FB5726 /* Project object */;
			proxyType = 1;
			remoteGlobalIDString = 991FD1482A14068600FB5726;
			remoteInfo = IOSChallenge;
		};
		991FD16D2A14068700FB5726 /* PBXContainerItemProxy */ = {
			isa = PBXContainerItemProxy;
			containerPortal = 991FD1412A14068600FB5726 /* Project object */;
			proxyType = 1;
			remoteGlobalIDString = 991FD1482A14068600FB5726;
			remoteInfo = IOSChallenge;
		};
/* End PBXContainerItemProxy section */

/* Begin PBXFileReference section */
		991FD1492A14068600FB5726 /* IOSChallenge.app */ = {isa = PBXFileReference; explicitFileType = wrapper.application; includeInIndex = 0; path = IOSChallenge.app; sourceTree = BUILT_PRODUCTS_DIR; };
		991FD14C2A14068600FB5726 /* AppDelegate.swift */ = {isa = PBXFileReference; lastKnownFileType = sourcecode.swift; path = AppDelegate.swift; sourceTree = "<group>"; };
		991FD14E2A14068600FB5726 /* SceneDelegate.swift */ = {isa = PBXFileReference; lastKnownFileType = sourcecode.swift; path = SceneDelegate.swift; sourceTree = "<group>"; };
		991FD1502A14068600FB5726 /* HomeViewController.swift */ = {isa = PBXFileReference; lastKnownFileType = sourcecode.swift; path = HomeViewController.swift; sourceTree = "<group>"; };
		991FD1562A14068600FB5726 /* IOSChallenge.xcdatamodel */ = {isa = PBXFileReference; lastKnownFileType = wrapper.xcdatamodel; path = IOSChallenge.xcdatamodel; sourceTree = "<group>"; };
		991FD1582A14068700FB5726 /* Assets.xcassets */ = {isa = PBXFileReference; lastKnownFileType = folder.assetcatalog; path = Assets.xcassets; sourceTree = "<group>"; };
		991FD15B2A14068700FB5726 /* Base */ = {isa = PBXFileReference; lastKnownFileType = file.storyboard; name = Base; path = Base.lproj/LaunchScreen.storyboard; sourceTree = "<group>"; };
		991FD15D2A14068700FB5726 /* Info.plist */ = {isa = PBXFileReference; lastKnownFileType = text.plist.xml; path = Info.plist; sourceTree = "<group>"; };
		991FD1622A14068700FB5726 /* IOSChallengeTests.xctest */ = {isa = PBXFileReference; explicitFileType = wrapper.cfbundle; includeInIndex = 0; path = IOSChallengeTests.xctest; sourceTree = BUILT_PRODUCTS_DIR; };
		991FD1662A14068700FB5726 /* HomeViewControllerTests.swift */ = {isa = PBXFileReference; lastKnownFileType = sourcecode.swift; path = HomeViewControllerTests.swift; sourceTree = "<group>"; };
		991FD16C2A14068700FB5726 /* IOSChallengeUITests.xctest */ = {isa = PBXFileReference; explicitFileType = wrapper.cfbundle; includeInIndex = 0; path = IOSChallengeUITests.xctest; sourceTree = BUILT_PRODUCTS_DIR; };
		991FD1702A14068700FB5726 /* IOSChallengeUITests.swift */ = {isa = PBXFileReference; lastKnownFileType = sourcecode.swift; path = IOSChallengeUITests.swift; sourceTree = "<group>"; };
		991FD1722A14068700FB5726 /* IOSChallengeUITestsLaunchTests.swift */ = {isa = PBXFileReference; lastKnownFileType = sourcecode.swift; path = IOSChallengeUITestsLaunchTests.swift; sourceTree = "<group>"; };
		991FD17F2A140D0D00FB5726 /* README.md */ = {isa = PBXFileReference; fileEncoding = 4; lastKnownFileType = net.daringfireball.markdown; path = README.md; sourceTree = SOURCE_ROOT; };
		991FD18D2A144AAC00FB5726 /* MealTableViewModel.swift */ = {isa = PBXFileReference; lastKnownFileType = sourcecode.swift; path = MealTableViewModel.swift; sourceTree = "<group>"; };
		991FD1902A144FB200FB5726 /* Meal.swift */ = {isa = PBXFileReference; lastKnownFileType = sourcecode.swift; path = Meal.swift; sourceTree = "<group>"; };
		991FD1922A144FD100FB5726 /* MealDetail.swift */ = {isa = PBXFileReference; lastKnownFileType = sourcecode.swift; path = MealDetail.swift; sourceTree = "<group>"; };
		991FD1952A14508800FB5726 /* MealWithDetail.swift */ = {isa = PBXFileReference; lastKnownFileType = sourcecode.swift; path = MealWithDetail.swift; sourceTree = "<group>"; };
		991FD1972A1458C400FB5726 /* CustomError.swift */ = {isa = PBXFileReference; lastKnownFileType = sourcecode.swift; path = CustomError.swift; sourceTree = "<group>"; };
		991FD1992A14596100FB5726 /* HttpClient.swift */ = {isa = PBXFileReference; lastKnownFileType = sourcecode.swift; path = HttpClient.swift; sourceTree = "<group>"; };
		991FD19B2A145A5C00FB5726 /* HttpMethod.swift */ = {isa = PBXFileReference; fileEncoding = 4; lastKnownFileType = sourcecode.swift; path = HttpMethod.swift; sourceTree = "<group>"; };
		991FD19D2A145A6E00FB5726 /* APIEndpoint.swift */ = {isa = PBXFileReference; fileEncoding = 4; lastKnownFileType = sourcecode.swift; path = APIEndpoint.swift; sourceTree = "<group>"; };
		991FD19F2A145A7A00FB5726 /* CellIdentifiers.swift */ = {isa = PBXFileReference; fileEncoding = 4; lastKnownFileType = sourcecode.swift; path = CellIdentifiers.swift; sourceTree = "<group>"; };
		991FD1A12A145D7200FB5726 /* MealService.swift */ = {isa = PBXFileReference; lastKnownFileType = sourcecode.swift; path = MealService.swift; sourceTree = "<group>"; };
		991FD1A32A1466E700FB5726 /* HttpClientTests.swift */ = {isa = PBXFileReference; lastKnownFileType = sourcecode.swift; path = HttpClientTests.swift; sourceTree = "<group>"; };
		991FD1A52A14B00A00FB5726 /* MealResponse.swift */ = {isa = PBXFileReference; lastKnownFileType = sourcecode.swift; path = MealResponse.swift; sourceTree = "<group>"; };
		991FD1A72A153FFC00FB5726 /* MealTableViewCell.swift */ = {isa = PBXFileReference; lastKnownFileType = sourcecode.swift; path = MealTableViewCell.swift; sourceTree = "<group>"; };
		991FD1A92A15401B00FB5726 /* BaseTableViewCell.swift */ = {isa = PBXFileReference; lastKnownFileType = sourcecode.swift; path = BaseTableViewCell.swift; sourceTree = "<group>"; };
/* End PBXFileReference section */

/* Begin PBXFrameworksBuildPhase section */
		991FD1462A14068600FB5726 /* Frameworks */ = {
			isa = PBXFrameworksBuildPhase;
			buildActionMask = 2147483647;
			files = (
			);
			runOnlyForDeploymentPostprocessing = 0;
		};
		991FD15F2A14068700FB5726 /* Frameworks */ = {
			isa = PBXFrameworksBuildPhase;
			buildActionMask = 2147483647;
			files = (
			);
			runOnlyForDeploymentPostprocessing = 0;
		};
		991FD1692A14068700FB5726 /* Frameworks */ = {
			isa = PBXFrameworksBuildPhase;
			buildActionMask = 2147483647;
			files = (
			);
			runOnlyForDeploymentPostprocessing = 0;
		};
/* End PBXFrameworksBuildPhase section */

/* Begin PBXGroup section */
		991FD1402A14068600FB5726 = {
			isa = PBXGroup;
			children = (
				991FD14B2A14068600FB5726 /* IOSChallenge */,
				991FD1652A14068700FB5726 /* IOSChallengeTests */,
				991FD16F2A14068700FB5726 /* IOSChallengeUITests */,
				991FD14A2A14068600FB5726 /* Products */,
			);
			sourceTree = "<group>";
		};
		991FD14A2A14068600FB5726 /* Products */ = {
			isa = PBXGroup;
			children = (
				991FD1492A14068600FB5726 /* IOSChallenge.app */,
				991FD1622A14068700FB5726 /* IOSChallengeTests.xctest */,
				991FD16C2A14068700FB5726 /* IOSChallengeUITests.xctest */,
			);
			name = Products;
			sourceTree = "<group>";
		};
		991FD14B2A14068600FB5726 /* IOSChallenge */ = {
			isa = PBXGroup;
			children = (
				991FD18A2A1437DA00FB5726 /* UserStory */,
				991FD18B2A14390C00FB5726 /* Coordinator */,
				991FD1852A14377800FB5726 /* UI */,
				991FD1832A14376200FB5726 /* Service */,
				991FD1842A14376A00FB5726 /* Networking */,
				991FD1822A14375900FB5726 /* Model */,
				991FD1882A14379800FB5726 /* Utils */,
				991FD1892A1437C900FB5726 /* Common */,
				991FD1872A14378F00FB5726 /* Constant */,
				991FD1862A14378100FB5726 /* Protocol */,
				991FD1812A1433EE00FB5726 /* Resources */,
				991FD1552A14068600FB5726 /* IOSChallenge.xcdatamodeld */,
				991FD17F2A140D0D00FB5726 /* README.md */,
			);
			path = IOSChallenge;
			sourceTree = "<group>";
		};
		991FD1652A14068700FB5726 /* IOSChallengeTests */ = {
			isa = PBXGroup;
			children = (
				991FD1662A14068700FB5726 /* HomeViewControllerTests.swift */,
				991FD1A32A1466E700FB5726 /* HttpClientTests.swift */,
			);
			path = IOSChallengeTests;
			sourceTree = "<group>";
		};
		991FD16F2A14068700FB5726 /* IOSChallengeUITests */ = {
			isa = PBXGroup;
			children = (
				991FD1702A14068700FB5726 /* IOSChallengeUITests.swift */,
				991FD1722A14068700FB5726 /* IOSChallengeUITestsLaunchTests.swift */,
			);
			path = IOSChallengeUITests;
			sourceTree = "<group>";
		};
		991FD1812A1433EE00FB5726 /* Resources */ = {
			isa = PBXGroup;
			children = (
				991FD14C2A14068600FB5726 /* AppDelegate.swift */,
				991FD14E2A14068600FB5726 /* SceneDelegate.swift */,
				991FD15A2A14068700FB5726 /* LaunchScreen.storyboard */,
				991FD15D2A14068700FB5726 /* Info.plist */,
				991FD1582A14068700FB5726 /* Assets.xcassets */,
			);
			path = Resources;
			sourceTree = "<group>";
		};
		991FD1822A14375900FB5726 /* Model */ = {
			isa = PBXGroup;
			children = (
				991FD1952A14508800FB5726 /* MealWithDetail.swift */,
				991FD1902A144FB200FB5726 /* Meal.swift */,
				991FD1922A144FD100FB5726 /* MealDetail.swift */,
				991FD1A52A14B00A00FB5726 /* MealResponse.swift */,
			);
			path = Model;
			sourceTree = "<group>";
		};
		991FD1832A14376200FB5726 /* Service */ = {
			isa = PBXGroup;
			children = (
				991FD1A12A145D7200FB5726 /* MealService.swift */,
			);
			path = Service;
			sourceTree = "<group>";
		};
		991FD1842A14376A00FB5726 /* Networking */ = {
			isa = PBXGroup;
			children = (
				991FD19D2A145A6E00FB5726 /* APIEndpoint.swift */,
				991FD1992A14596100FB5726 /* HttpClient.swift */,
			);
			path = Networking;
			sourceTree = "<group>";
		};
		991FD1852A14377800FB5726 /* UI */ = {
			isa = PBXGroup;
			children = (
				991FD1A72A153FFC00FB5726 /* MealTableViewCell.swift */,
				991FD1A92A15401B00FB5726 /* BaseTableViewCell.swift */,
			);
			path = UI;
			sourceTree = "<group>";
		};
		991FD1862A14378100FB5726 /* Protocol */ = {
			isa = PBXGroup;
			children = (
			);
			path = Protocol;
			sourceTree = "<group>";
		};
		991FD1872A14378F00FB5726 /* Constant */ = {
			isa = PBXGroup;
			children = (
				991FD19F2A145A7A00FB5726 /* CellIdentifiers.swift */,
				991FD19B2A145A5C00FB5726 /* HttpMethod.swift */,
			);
			path = Constant;
			sourceTree = "<group>";
		};
		991FD1882A14379800FB5726 /* Utils */ = {
			isa = PBXGroup;
			children = (
			);
			path = Utils;
			sourceTree = "<group>";
		};
		991FD1892A1437C900FB5726 /* Common */ = {
			isa = PBXGroup;
			children = (
				991FD1972A1458C400FB5726 /* CustomError.swift */,
			);
			path = Common;
			sourceTree = "<group>";
		};
		991FD18A2A1437DA00FB5726 /* UserStory */ = {
			isa = PBXGroup;
			children = (
				991FD18C2A14392900FB5726 /* Home */,
			);
			path = UserStory;
			sourceTree = "<group>";
		};
		991FD18B2A14390C00FB5726 /* Coordinator */ = {
			isa = PBXGroup;
			children = (
			);
			path = Coordinator;
			sourceTree = "<group>";
		};
		991FD18C2A14392900FB5726 /* Home */ = {
			isa = PBXGroup;
			children = (
				991FD1502A14068600FB5726 /* HomeViewController.swift */,
				991FD18D2A144AAC00FB5726 /* MealTableViewModel.swift */,
			);
			path = Home;
			sourceTree = "<group>";
		};
/* End PBXGroup section */

/* Begin PBXNativeTarget section */
		991FD1482A14068600FB5726 /* IOSChallenge */ = {
			isa = PBXNativeTarget;
			buildConfigurationList = 991FD1762A14068700FB5726 /* Build configuration list for PBXNativeTarget "IOSChallenge" */;
			buildPhases = (
				991FD1452A14068600FB5726 /* Sources */,
				991FD1462A14068600FB5726 /* Frameworks */,
				991FD1472A14068600FB5726 /* Resources */,
			);
			buildRules = (
			);
			dependencies = (
			);
			name = IOSChallenge;
			productName = IOSChallenge;
			productReference = 991FD1492A14068600FB5726 /* IOSChallenge.app */;
			productType = "com.apple.product-type.application";
		};
		991FD1612A14068700FB5726 /* IOSChallengeTests */ = {
			isa = PBXNativeTarget;
			buildConfigurationList = 991FD1792A14068700FB5726 /* Build configuration list for PBXNativeTarget "IOSChallengeTests" */;
			buildPhases = (
				991FD15E2A14068700FB5726 /* Sources */,
				991FD15F2A14068700FB5726 /* Frameworks */,
				991FD1602A14068700FB5726 /* Resources */,
			);
			buildRules = (
			);
			dependencies = (
				991FD1642A14068700FB5726 /* PBXTargetDependency */,
			);
			name = IOSChallengeTests;
			productName = IOSChallengeTests;
			productReference = 991FD1622A14068700FB5726 /* IOSChallengeTests.xctest */;
			productType = "com.apple.product-type.bundle.unit-test";
		};
		991FD16B2A14068700FB5726 /* IOSChallengeUITests */ = {
			isa = PBXNativeTarget;
			buildConfigurationList = 991FD17C2A14068700FB5726 /* Build configuration list for PBXNativeTarget "IOSChallengeUITests" */;
			buildPhases = (
				991FD1682A14068700FB5726 /* Sources */,
				991FD1692A14068700FB5726 /* Frameworks */,
				991FD16A2A14068700FB5726 /* Resources */,
			);
			buildRules = (
			);
			dependencies = (
				991FD16E2A14068700FB5726 /* PBXTargetDependency */,
			);
			name = IOSChallengeUITests;
			productName = IOSChallengeUITests;
			productReference = 991FD16C2A14068700FB5726 /* IOSChallengeUITests.xctest */;
			productType = "com.apple.product-type.bundle.ui-testing";
		};
/* End PBXNativeTarget section */

/* Begin PBXProject section */
		991FD1412A14068600FB5726 /* Project object */ = {
			isa = PBXProject;
			attributes = {
				BuildIndependentTargetsInParallel = 1;
				LastSwiftUpdateCheck = 1420;
				LastUpgradeCheck = 1420;
				TargetAttributes = {
					991FD1482A14068600FB5726 = {
						CreatedOnToolsVersion = 14.2;
					};
					991FD1612A14068700FB5726 = {
						CreatedOnToolsVersion = 14.2;
						TestTargetID = 991FD1482A14068600FB5726;
					};
					991FD16B2A14068700FB5726 = {
						CreatedOnToolsVersion = 14.2;
						TestTargetID = 991FD1482A14068600FB5726;
					};
				};
			};
			buildConfigurationList = 991FD1442A14068600FB5726 /* Build configuration list for PBXProject "IOSChallenge" */;
			compatibilityVersion = "Xcode 14.0";
			developmentRegion = en;
			hasScannedForEncodings = 0;
			knownRegions = (
				en,
				Base,
			);
			mainGroup = 991FD1402A14068600FB5726;
			productRefGroup = 991FD14A2A14068600FB5726 /* Products */;
			projectDirPath = "";
			projectRoot = "";
			targets = (
				991FD1482A14068600FB5726 /* IOSChallenge */,
				991FD1612A14068700FB5726 /* IOSChallengeTests */,
				991FD16B2A14068700FB5726 /* IOSChallengeUITests */,
			);
		};
/* End PBXProject section */

/* Begin PBXResourcesBuildPhase section */
		991FD1472A14068600FB5726 /* Resources */ = {
			isa = PBXResourcesBuildPhase;
			buildActionMask = 2147483647;
			files = (
				991FD15C2A14068700FB5726 /* LaunchScreen.storyboard in Resources */,
				991FD1592A14068700FB5726 /* Assets.xcassets in Resources */,
				991FD1802A140D0E00FB5726 /* README.md in Resources */,
			);
			runOnlyForDeploymentPostprocessing = 0;
		};
		991FD1602A14068700FB5726 /* Resources */ = {
			isa = PBXResourcesBuildPhase;
			buildActionMask = 2147483647;
			files = (
			);
			runOnlyForDeploymentPostprocessing = 0;
		};
		991FD16A2A14068700FB5726 /* Resources */ = {
			isa = PBXResourcesBuildPhase;
			buildActionMask = 2147483647;
			files = (
			);
			runOnlyForDeploymentPostprocessing = 0;
		};
/* End PBXResourcesBuildPhase section */

/* Begin PBXSourcesBuildPhase section */
		991FD1452A14068600FB5726 /* Sources */ = {
			isa = PBXSourcesBuildPhase;
			buildActionMask = 2147483647;
			files = (
				991FD1512A14068600FB5726 /* HomeViewController.swift in Sources */,
				991FD18E2A144AAC00FB5726 /* MealTableViewModel.swift in Sources */,
				991FD14D2A14068600FB5726 /* AppDelegate.swift in Sources */,
				991FD1A62A14B00A00FB5726 /* MealResponse.swift in Sources */,
				991FD1A82A153FFC00FB5726 /* MealTableViewCell.swift in Sources */,
				991FD19A2A14596100FB5726 /* HttpClient.swift in Sources */,
				991FD19C2A145A5C00FB5726 /* HttpMethod.swift in Sources */,
				991FD1932A144FD100FB5726 /* MealDetail.swift in Sources */,
				991FD14F2A14068600FB5726 /* SceneDelegate.swift in Sources */,
				991FD19E2A145A6E00FB5726 /* APIEndpoint.swift in Sources */,
				991FD1A22A145D7200FB5726 /* MealService.swift in Sources */,
				991FD1962A14508800FB5726 /* MealWithDetail.swift in Sources */,
				991FD1AA2A15401B00FB5726 /* BaseTableViewCell.swift in Sources */,
				991FD1A02A145A7A00FB5726 /* CellIdentifiers.swift in Sources */,
				991FD1912A144FB200FB5726 /* Meal.swift in Sources */,
				991FD1572A14068600FB5726 /* IOSChallenge.xcdatamodeld in Sources */,
				991FD1982A1458C400FB5726 /* CustomError.swift in Sources */,
			);
			runOnlyForDeploymentPostprocessing = 0;
		};
		991FD15E2A14068700FB5726 /* Sources */ = {
			isa = PBXSourcesBuildPhase;
			buildActionMask = 2147483647;
			files = (
				991FD1A42A1466E700FB5726 /* HttpClientTests.swift in Sources */,
				991FD1672A14068700FB5726 /* HomeViewControllerTests.swift in Sources */,
			);
			runOnlyForDeploymentPostprocessing = 0;
		};
		991FD1682A14068700FB5726 /* Sources */ = {
			isa = PBXSourcesBuildPhase;
			buildActionMask = 2147483647;
			files = (
				991FD1732A14068700FB5726 /* IOSChallengeUITestsLaunchTests.swift in Sources */,
				991FD1712A14068700FB5726 /* IOSChallengeUITests.swift in Sources */,
			);
			runOnlyForDeploymentPostprocessing = 0;
		};
/* End PBXSourcesBuildPhase section */

/* Begin PBXTargetDependency section */
		991FD1642A14068700FB5726 /* PBXTargetDependency */ = {
			isa = PBXTargetDependency;
			target = 991FD1482A14068600FB5726 /* IOSChallenge */;
			targetProxy = 991FD1632A14068700FB5726 /* PBXContainerItemProxy */;
		};
		991FD16E2A14068700FB5726 /* PBXTargetDependency */ = {
			isa = PBXTargetDependency;
			target = 991FD1482A14068600FB5726 /* IOSChallenge */;
			targetProxy = 991FD16D2A14068700FB5726 /* PBXContainerItemProxy */;
		};
/* End PBXTargetDependency section */

/* Begin PBXVariantGroup section */
		991FD15A2A14068700FB5726 /* LaunchScreen.storyboard */ = {
			isa = PBXVariantGroup;
			children = (
				991FD15B2A14068700FB5726 /* Base */,
			);
			name = LaunchScreen.storyboard;
			sourceTree = "<group>";
		};
/* End PBXVariantGroup section */

/* Begin XCBuildConfiguration section */
		991FD1742A14068700FB5726 /* Debug */ = {
			isa = XCBuildConfiguration;
			buildSettings = {
				ALWAYS_SEARCH_USER_PATHS = NO;
				CLANG_ANALYZER_NONNULL = YES;
				CLANG_ANALYZER_NUMBER_OBJECT_CONVERSION = YES_AGGRESSIVE;
				CLANG_CXX_LANGUAGE_STANDARD = "gnu++20";
				CLANG_ENABLE_MODULES = YES;
				CLANG_ENABLE_OBJC_ARC = YES;
				CLANG_ENABLE_OBJC_WEAK = YES;
				CLANG_WARN_BLOCK_CAPTURE_AUTORELEASING = YES;
				CLANG_WARN_BOOL_CONVERSION = YES;
				CLANG_WARN_COMMA = YES;
				CLANG_WARN_CONSTANT_CONVERSION = YES;
				CLANG_WARN_DEPRECATED_OBJC_IMPLEMENTATIONS = YES;
				CLANG_WARN_DIRECT_OBJC_ISA_USAGE = YES_ERROR;
				CLANG_WARN_DOCUMENTATION_COMMENTS = YES;
				CLANG_WARN_EMPTY_BODY = YES;
				CLANG_WARN_ENUM_CONVERSION = YES;
				CLANG_WARN_INFINITE_RECURSION = YES;
				CLANG_WARN_INT_CONVERSION = YES;
				CLANG_WARN_NON_LITERAL_NULL_CONVERSION = YES;
				CLANG_WARN_OBJC_IMPLICIT_RETAIN_SELF = YES;
				CLANG_WARN_OBJC_LITERAL_CONVERSION = YES;
				CLANG_WARN_OBJC_ROOT_CLASS = YES_ERROR;
				CLANG_WARN_QUOTED_INCLUDE_IN_FRAMEWORK_HEADER = YES;
				CLANG_WARN_RANGE_LOOP_ANALYSIS = YES;
				CLANG_WARN_STRICT_PROTOTYPES = YES;
				CLANG_WARN_SUSPICIOUS_MOVE = YES;
				CLANG_WARN_UNGUARDED_AVAILABILITY = YES_AGGRESSIVE;
				CLANG_WARN_UNREACHABLE_CODE = YES;
				CLANG_WARN__DUPLICATE_METHOD_MATCH = YES;
				COPY_PHASE_STRIP = NO;
				DEBUG_INFORMATION_FORMAT = dwarf;
				ENABLE_STRICT_OBJC_MSGSEND = YES;
				ENABLE_TESTABILITY = YES;
				GCC_C_LANGUAGE_STANDARD = gnu11;
				GCC_DYNAMIC_NO_PIC = NO;
				GCC_NO_COMMON_BLOCKS = YES;
				GCC_OPTIMIZATION_LEVEL = 0;
				GCC_PREPROCESSOR_DEFINITIONS = (
					"DEBUG=1",
					"$(inherited)",
				);
				GCC_WARN_64_TO_32_BIT_CONVERSION = YES;
				GCC_WARN_ABOUT_RETURN_TYPE = YES_ERROR;
				GCC_WARN_UNDECLARED_SELECTOR = YES;
				GCC_WARN_UNINITIALIZED_AUTOS = YES_AGGRESSIVE;
				GCC_WARN_UNUSED_FUNCTION = YES;
				GCC_WARN_UNUSED_VARIABLE = YES;
				IPHONEOS_DEPLOYMENT_TARGET = 16.2;
				MTL_ENABLE_DEBUG_INFO = INCLUDE_SOURCE;
				MTL_FAST_MATH = YES;
				ONLY_ACTIVE_ARCH = YES;
				SDKROOT = iphoneos;
				SWIFT_ACTIVE_COMPILATION_CONDITIONS = DEBUG;
				SWIFT_OPTIMIZATION_LEVEL = "-Onone";
			};
			name = Debug;
		};
		991FD1752A14068700FB5726 /* Release */ = {
			isa = XCBuildConfiguration;
			buildSettings = {
				ALWAYS_SEARCH_USER_PATHS = NO;
				CLANG_ANALYZER_NONNULL = YES;
				CLANG_ANALYZER_NUMBER_OBJECT_CONVERSION = YES_AGGRESSIVE;
				CLANG_CXX_LANGUAGE_STANDARD = "gnu++20";
				CLANG_ENABLE_MODULES = YES;
				CLANG_ENABLE_OBJC_ARC = YES;
				CLANG_ENABLE_OBJC_WEAK = YES;
				CLANG_WARN_BLOCK_CAPTURE_AUTORELEASING = YES;
				CLANG_WARN_BOOL_CONVERSION = YES;
				CLANG_WARN_COMMA = YES;
				CLANG_WARN_CONSTANT_CONVERSION = YES;
				CLANG_WARN_DEPRECATED_OBJC_IMPLEMENTATIONS = YES;
				CLANG_WARN_DIRECT_OBJC_ISA_USAGE = YES_ERROR;
				CLANG_WARN_DOCUMENTATION_COMMENTS = YES;
				CLANG_WARN_EMPTY_BODY = YES;
				CLANG_WARN_ENUM_CONVERSION = YES;
				CLANG_WARN_INFINITE_RECURSION = YES;
				CLANG_WARN_INT_CONVERSION = YES;
				CLANG_WARN_NON_LITERAL_NULL_CONVERSION = YES;
				CLANG_WARN_OBJC_IMPLICIT_RETAIN_SELF = YES;
				CLANG_WARN_OBJC_LITERAL_CONVERSION = YES;
				CLANG_WARN_OBJC_ROOT_CLASS = YES_ERROR;
				CLANG_WARN_QUOTED_INCLUDE_IN_FRAMEWORK_HEADER = YES;
				CLANG_WARN_RANGE_LOOP_ANALYSIS = YES;
				CLANG_WARN_STRICT_PROTOTYPES = YES;
				CLANG_WARN_SUSPICIOUS_MOVE = YES;
				CLANG_WARN_UNGUARDED_AVAILABILITY = YES_AGGRESSIVE;
				CLANG_WARN_UNREACHABLE_CODE = YES;
				CLANG_WARN__DUPLICATE_METHOD_MATCH = YES;
				COPY_PHASE_STRIP = NO;
				DEBUG_INFORMATION_FORMAT = "dwarf-with-dsym";
				ENABLE_NS_ASSERTIONS = NO;
				ENABLE_STRICT_OBJC_MSGSEND = YES;
				GCC_C_LANGUAGE_STANDARD = gnu11;
				GCC_NO_COMMON_BLOCKS = YES;
				GCC_WARN_64_TO_32_BIT_CONVERSION = YES;
				GCC_WARN_ABOUT_RETURN_TYPE = YES_ERROR;
				GCC_WARN_UNDECLARED_SELECTOR = YES;
				GCC_WARN_UNINITIALIZED_AUTOS = YES_AGGRESSIVE;
				GCC_WARN_UNUSED_FUNCTION = YES;
				GCC_WARN_UNUSED_VARIABLE = YES;
				IPHONEOS_DEPLOYMENT_TARGET = 16.2;
				MTL_ENABLE_DEBUG_INFO = NO;
				MTL_FAST_MATH = YES;
				SDKROOT = iphoneos;
				SWIFT_COMPILATION_MODE = wholemodule;
				SWIFT_OPTIMIZATION_LEVEL = "-O";
				VALIDATE_PRODUCT = YES;
			};
			name = Release;
		};
		991FD1772A14068700FB5726 /* Debug */ = {
			isa = XCBuildConfiguration;
			buildSettings = {
				ASSETCATALOG_COMPILER_APPICON_NAME = AppIcon;
				ASSETCATALOG_COMPILER_GLOBAL_ACCENT_COLOR_NAME = AccentColor;
				CODE_SIGN_STYLE = Automatic;
				CURRENT_PROJECT_VERSION = 1;
				DEVELOPMENT_TEAM = 6EGW84ZSH4;
				GENERATE_INFOPLIST_FILE = YES;
				INFOPLIST_FILE = IOSChallenge/Resources/Info.plist;
				INFOPLIST_KEY_UIApplicationSupportsIndirectInputEvents = YES;
				INFOPLIST_KEY_UILaunchStoryboardName = LaunchScreen;
				INFOPLIST_KEY_UIMainStoryboardFile = "";
				INFOPLIST_KEY_UISupportedInterfaceOrientations_iPad = "UIInterfaceOrientationPortrait UIInterfaceOrientationPortraitUpsideDown UIInterfaceOrientationLandscapeLeft UIInterfaceOrientationLandscapeRight";
				INFOPLIST_KEY_UISupportedInterfaceOrientations_iPhone = "UIInterfaceOrientationPortrait UIInterfaceOrientationLandscapeLeft UIInterfaceOrientationLandscapeRight";
				IPHONEOS_DEPLOYMENT_TARGET = 15.6;
				LD_RUNPATH_SEARCH_PATHS = (
					"$(inherited)",
					"@executable_path/Frameworks",
				);
				MARKETING_VERSION = 1.0;
				PRODUCT_BUNDLE_IDENTIFIER = IOSChallenge.IOSChallenge;
				PRODUCT_NAME = "$(TARGET_NAME)";
				SWIFT_EMIT_LOC_STRINGS = YES;
				SWIFT_VERSION = 5.0;
				TARGETED_DEVICE_FAMILY = "1,2";
			};
			name = Debug;
		};
		991FD1782A14068700FB5726 /* Release */ = {
			isa = XCBuildConfiguration;
			buildSettings = {
				ASSETCATALOG_COMPILER_APPICON_NAME = AppIcon;
				ASSETCATALOG_COMPILER_GLOBAL_ACCENT_COLOR_NAME = AccentColor;
				CODE_SIGN_STYLE = Automatic;
				CURRENT_PROJECT_VERSION = 1;
				DEVELOPMENT_TEAM = 6EGW84ZSH4;
				GENERATE_INFOPLIST_FILE = YES;
				INFOPLIST_FILE = IOSChallenge/Resources/Info.plist;
				INFOPLIST_KEY_UIApplicationSupportsIndirectInputEvents = YES;
				INFOPLIST_KEY_UILaunchStoryboardName = LaunchScreen;
				INFOPLIST_KEY_UIMainStoryboardFile = "";
				INFOPLIST_KEY_UISupportedInterfaceOrientations_iPad = "UIInterfaceOrientationPortrait UIInterfaceOrientationPortraitUpsideDown UIInterfaceOrientationLandscapeLeft UIInterfaceOrientationLandscapeRight";
				INFOPLIST_KEY_UISupportedInterfaceOrientations_iPhone = "UIInterfaceOrientationPortrait UIInterfaceOrientationLandscapeLeft UIInterfaceOrientationLandscapeRight";
				IPHONEOS_DEPLOYMENT_TARGET = 15.6;
				LD_RUNPATH_SEARCH_PATHS = (
					"$(inherited)",
					"@executable_path/Frameworks",
				);
				MARKETING_VERSION = 1.0;
				PRODUCT_BUNDLE_IDENTIFIER = IOSChallenge.IOSChallenge;
				PRODUCT_NAME = "$(TARGET_NAME)";
				SWIFT_EMIT_LOC_STRINGS = YES;
				SWIFT_VERSION = 5.0;
				TARGETED_DEVICE_FAMILY = "1,2";
			};
			name = Release;
		};
		991FD17A2A14068700FB5726 /* Debug */ = {
			isa = XCBuildConfiguration;
			buildSettings = {
				ALWAYS_EMBED_SWIFT_STANDARD_LIBRARIES = YES;
				BUNDLE_LOADER = "$(TEST_HOST)";
				CODE_SIGN_STYLE = Automatic;
				CURRENT_PROJECT_VERSION = 1;
				DEVELOPMENT_TEAM = 6EGW84ZSH4;
				GENERATE_INFOPLIST_FILE = YES;
				IPHONEOS_DEPLOYMENT_TARGET = 16.2;
				MARKETING_VERSION = 1.0;
				PRODUCT_BUNDLE_IDENTIFIER = IOSChallenge.IOSChallengeTests;
				PRODUCT_NAME = "$(TARGET_NAME)";
				SWIFT_EMIT_LOC_STRINGS = NO;
				SWIFT_VERSION = 5.0;
				TARGETED_DEVICE_FAMILY = "1,2";
				TEST_HOST = "$(BUILT_PRODUCTS_DIR)/IOSChallenge.app/$(BUNDLE_EXECUTABLE_FOLDER_PATH)/IOSChallenge";
			};
			name = Debug;
		};
		991FD17B2A14068700FB5726 /* Release */ = {
			isa = XCBuildConfiguration;
			buildSettings = {
				ALWAYS_EMBED_SWIFT_STANDARD_LIBRARIES = YES;
				BUNDLE_LOADER = "$(TEST_HOST)";
				CODE_SIGN_STYLE = Automatic;
				CURRENT_PROJECT_VERSION = 1;
				DEVELOPMENT_TEAM = 6EGW84ZSH4;
				GENERATE_INFOPLIST_FILE = YES;
				IPHONEOS_DEPLOYMENT_TARGET = 16.2;
				MARKETING_VERSION = 1.0;
				PRODUCT_BUNDLE_IDENTIFIER = IOSChallenge.IOSChallengeTests;
				PRODUCT_NAME = "$(TARGET_NAME)";
				SWIFT_EMIT_LOC_STRINGS = NO;
				SWIFT_VERSION = 5.0;
				TARGETED_DEVICE_FAMILY = "1,2";
				TEST_HOST = "$(BUILT_PRODUCTS_DIR)/IOSChallenge.app/$(BUNDLE_EXECUTABLE_FOLDER_PATH)/IOSChallenge";
			};
			name = Release;
		};
		991FD17D2A14068700FB5726 /* Debug */ = {
			isa = XCBuildConfiguration;
			buildSettings = {
				ALWAYS_EMBED_SWIFT_STANDARD_LIBRARIES = YES;
				CODE_SIGN_STYLE = Automatic;
				CURRENT_PROJECT_VERSION = 1;
				DEVELOPMENT_TEAM = 6EGW84ZSH4;
				GENERATE_INFOPLIST_FILE = YES;
				MARKETING_VERSION = 1.0;
				PRODUCT_BUNDLE_IDENTIFIER = IOSChallenge.IOSChallengeUITests;
				PRODUCT_NAME = "$(TARGET_NAME)";
				SWIFT_EMIT_LOC_STRINGS = NO;
				SWIFT_VERSION = 5.0;
				TARGETED_DEVICE_FAMILY = "1,2";
				TEST_TARGET_NAME = IOSChallenge;
			};
			name = Debug;
		};
		991FD17E2A14068700FB5726 /* Release */ = {
			isa = XCBuildConfiguration;
			buildSettings = {
				ALWAYS_EMBED_SWIFT_STANDARD_LIBRARIES = YES;
				CODE_SIGN_STYLE = Automatic;
				CURRENT_PROJECT_VERSION = 1;
				DEVELOPMENT_TEAM = 6EGW84ZSH4;
				GENERATE_INFOPLIST_FILE = YES;
				MARKETING_VERSION = 1.0;
				PRODUCT_BUNDLE_IDENTIFIER = IOSChallenge.IOSChallengeUITests;
				PRODUCT_NAME = "$(TARGET_NAME)";
				SWIFT_EMIT_LOC_STRINGS = NO;
				SWIFT_VERSION = 5.0;
				TARGETED_DEVICE_FAMILY = "1,2";
				TEST_TARGET_NAME = IOSChallenge;
			};
			name = Release;
		};
/* End XCBuildConfiguration section */

/* Begin XCConfigurationList section */
		991FD1442A14068600FB5726 /* Build configuration list for PBXProject "IOSChallenge" */ = {
			isa = XCConfigurationList;
			buildConfigurations = (
				991FD1742A14068700FB5726 /* Debug */,
				991FD1752A14068700FB5726 /* Release */,
			);
			defaultConfigurationIsVisible = 0;
			defaultConfigurationName = Release;
		};
		991FD1762A14068700FB5726 /* Build configuration list for PBXNativeTarget "IOSChallenge" */ = {
			isa = XCConfigurationList;
			buildConfigurations = (
				991FD1772A14068700FB5726 /* Debug */,
				991FD1782A14068700FB5726 /* Release */,
			);
			defaultConfigurationIsVisible = 0;
			defaultConfigurationName = Release;
		};
		991FD1792A14068700FB5726 /* Build configuration list for PBXNativeTarget "IOSChallengeTests" */ = {
			isa = XCConfigurationList;
			buildConfigurations = (
				991FD17A2A14068700FB5726 /* Debug */,
				991FD17B2A14068700FB5726 /* Release */,
			);
			defaultConfigurationIsVisible = 0;
			defaultConfigurationName = Release;
		};
		991FD17C2A14068700FB5726 /* Build configuration list for PBXNativeTarget "IOSChallengeUITests" */ = {
			isa = XCConfigurationList;
			buildConfigurations = (
				991FD17D2A14068700FB5726 /* Debug */,
				991FD17E2A14068700FB5726 /* Release */,
			);
			defaultConfigurationIsVisible = 0;
			defaultConfigurationName = Release;
		};
/* End XCConfigurationList section */

/* Begin XCVersionGroup section */
		991FD1552A14068600FB5726 /* IOSChallenge.xcdatamodeld */ = {
			isa = XCVersionGroup;
			children = (
				991FD1562A14068600FB5726 /* IOSChallenge.xcdatamodel */,
			);
			currentVersion = 991FD1562A14068600FB5726 /* IOSChallenge.xcdatamodel */;
			path = IOSChallenge.xcdatamodeld;
			sourceTree = "<group>";
			versionGroupType = wrapper.xcdatamodel;
		};
/* End XCVersionGroup section */
	};
	rootObject = 991FD1412A14068600FB5726 /* Project object */;
}
